
Microsoft Visual Studio Solution File, Format Version 12.00
# Visual Studio Version 17
VisualStudioVersion = 17.1.32421.90
MinimumVisualStudioVersion = 10.0.40219.1
Project("{FAE04EC0-301F-11D3-BF4B-00C04F79EFBC}") = "sqlapp", "sqlapp.csproj", "{CA814BEE-D5A9-44FF-A941-A511C1877C13}"
EndProject
Global
	GlobalSection(SolutionConfigurationPlatforms) = preSolution
		Debug|Any CPU = Debug|Any CPU
		Release|Any CPU = Release|Any CPU
	EndGlobalSection
	GlobalSection(ProjectConfigurationPlatforms) = postSolution
		{CA814BEE-D5A9-44FF-A941-A511C1877C13}.Debug|Any CPU.ActiveCfg = Debug|Any CPU
		{CA814BEE-D5A9-44FF-A941-A511C1877C13}.Debug|Any CPU.Build.0 = Debug|Any CPU
		{CA814BEE-D5A9-44FF-A941-A511C1877C13}.Release|Any CPU.ActiveCfg = Release|Any CPU
		{CA814BEE-D5A9-44FF-A941-A511C1877C13}.Release|Any CPU.Build.0 = Release|Any CPU
	EndGlobalSection
	GlobalSection(SolutionProperties) = preSolution
		HideSolutionNode = FALSE
	EndGlobalSection
	GlobalSection(ExtensibilityGlobals) = postSolution
		SolutionGuid = {4EF7ECC2-11EC-4C96-AA07-CCEC734D4068}
	EndGlobalSection
EndGlobal
